
Microsoft Visual Studio Solution File, Format Version 12.00
# Visual Studio 15
VisualStudioVersion = 15.0.28307.1433
MinimumVisualStudioVersion = 10.0.40219.1
Project("{FAE04EC0-301F-11D3-BF4B-00C04F79EFBC}") = "Do!", "Do!\Do!.csproj", "{348834EE-5F42-4A46-99ED-F692E24C2DFF}"
EndProject
Global
	GlobalSection(SolutionConfigurationPlatforms) = preSolution
		Debug|Any CPU = Debug|Any CPU
		Release|Any CPU = Release|Any CPU
	EndGlobalSection
	GlobalSection(ProjectConfigurationPlatforms) = postSolution
		{348834EE-5F42-4A46-99ED-F692E24C2DFF}.Debug|Any CPU.ActiveCfg = Debug|Any CPU
		{348834EE-5F42-4A46-99ED-F692E24C2DFF}.Debug|Any CPU.Build.0 = Debug|Any CPU
		{348834EE-5F42-4A46-99ED-F692E24C2DFF}.Release|Any CPU.ActiveCfg = Release|Any CPU
		{348834EE-5F42-4A46-99ED-F692E24C2DFF}.Release|Any CPU.Build.0 = Release|Any CPU
	EndGlobalSection
	GlobalSection(SolutionProperties) = preSolution
		HideSolutionNode = FALSE
	EndGlobalSection
	GlobalSection(ExtensibilityGlobals) = postSolution
		SolutionGuid = {45E0804A-05C8-4D57-B22F-CD1E7D999158}
	EndGlobalSection
EndGlobal
